
Microsoft Visual Studio Solution File, Format Version 12.00
# Visual Studio Version 17
VisualStudioVersion = 17.13.35931.197
MinimumVisualStudioVersion = 10.0.40219.1
Project("{FAE04EC0-301F-11D3-BF4B-00C04F79EFBC}") = "HelloWorld", "HelloWorld\HelloWorld.csproj", "{1FA0CE5D-6304-42DF-94A4-8F77FA494400}"
EndProject
Project("{FAE04EC0-301F-11D3-BF4B-00C04F79EFBC}") = "FirstDegree", "FirstDegree\FirstDegree.csproj", "{0606B579-9C69-49AD-A70E-7EFC2F693E0B}"
EndProject
Project("{FAE04EC0-301F-11D3-BF4B-00C04F79EFBC}") = "QuadraticEquation", "QuadraticEquation\QuadraticEquation.csproj", "{D3822EEF-8B78-4218-83F9-F109F4D57FF9}"
EndProject
Project("{FAE04EC0-301F-11D3-BF4B-00C04F79EFBC}") = "StringInteraction", "StringInteraction\StringInteraction.csproj", "{DA341B60-3210-4E9B-A159-C98C55F93643}"
EndProject
Project("{FAE04EC0-301F-11D3-BF4B-00C04F79EFBC}") = "SimpleMath", "SimpleMath\SimpleMath.csproj", "{07521354-09BB-4063-B679-A62F064D5E99}"
EndProject
Project("{FAE04EC0-301F-11D3-BF4B-00C04F79EFBC}") = "CallByReference", "CallByReference\CallByReference.csproj", "{514A65D4-E0F1-4360-8992-D1D8D262E3C4}"
EndProject
Project("{FAE04EC0-301F-11D3-BF4B-00C04F79EFBC}") = "ReviewFor", "ReviewFor\ReviewFor.csproj", "{50E1B436-CF1B-49B2-8A01-117349A0253D}"
EndProject
Project("{FAE04EC0-301F-11D3-BF4B-00C04F79EFBC}") = "LearnForeach", "LearnForeach\LearnForeach.csproj", "{5EE88725-8F22-4522-8FA6-7D0E7BB38464}"
EndProject
Project("{FAE04EC0-301F-11D3-BF4B-00C04F79EFBC}") = "ReviewNestedLoop", "ReviewNestedLoop\ReviewNestedLoop.csproj", "{B33F4086-E777-4297-87D6-9B643489D23B}"
EndProject
Project("{FAE04EC0-301F-11D3-BF4B-00C04F79EFBC}") = "OOP1", "OOP1\OOP1.csproj", "{B4D80449-B31B-4334-B234-745B1FC5D79E}"
EndProject
Project("{FAE04EC0-301F-11D3-BF4B-00C04F79EFBC}") = "OOP2", "OOP2\OOP2.csproj", "{595AAE1C-DC00-4C37-82D3-E73B49EEFF6F}"
EndProject
Project("{FAE04EC0-301F-11D3-BF4B-00C04F79EFBC}") = "OOP3_ExtensionMethod", "OOP3_ExtensionMethod\OOP3_ExtensionMethod.csproj", "{F4572D6C-910A-4D62-94A4-99E7EB68D5CD}"
EndProject
Project("{FAE04EC0-301F-11D3-BF4B-00C04F79EFBC}") = "OOP2_Reuse_as_Library", "OOP2_Reuse_as_Library\OOP2_Reuse_as_Library.csproj", "{271BF3F6-B100-47BD-AE0A-094672106EF3}"
EndProject
Project("{FAE04EC0-301F-11D3-BF4B-00C04F79EFBC}") = "Collection_Generic", "Collection_Generic\Collection_Generic.csproj", "{835FD37C-EC14-48B7-878D-D1EEEF26AF39}"
EndProject
Project("{FAE04EC0-301F-11D3-BF4B-00C04F79EFBC}") = "OOP4_Dictionary", "OOP4_Dictionary\OOP4_Dictionary.csproj", "{62583F16-6A19-4B3E-A443-9390186B8490}"
EndProject
Project("{FAE04EC0-301F-11D3-BF4B-00C04F79EFBC}") = "OOP5_Clone", "OOP5_Clone\OOP5_Clone.csproj", "{ACEDCC8F-C3F5-4461-AF32-8449D4BEDF6A}"
EndProject
Project("{2150E333-8FDC-42A3-9474-1A3956D46DE8}") = "Chapter5", "Chapter5", "{02EA681E-C7D8-13C7-8484-4AC65E1B71E8}"
EndProject
Project("{FAE04EC0-301F-11D3-BF4B-00C04F79EFBC}") = "BuilderPattern", "BuilderPattern\BuilderPattern.csproj", "{044DE341-433F-5702-4D82-2BB3FD3832E3}"
EndProject
Project("{FAE04EC0-301F-11D3-BF4B-00C04F79EFBC}") = "FactoriesPattern", "FactoriesPattern\FactoriesPattern.csproj", "{15ADFCBE-9B56-7B0A-7AE5-771D29B1F4C9}"
EndProject
Project("{FAE04EC0-301F-11D3-BF4B-00C04F79EFBC}") = "ObserverPattern", "ObserverPattern\ObserverPattern.csproj", "{FEBF851F-917B-C45E-D2B8-7873FE9FDB40}"
EndProject
Project("{FAE04EC0-301F-11D3-BF4B-00C04F79EFBC}") = "PrototypePattern", "PrototypePattern\PrototypePattern.csproj", "{92C92FD4-253A-352A-CA1D-8ACA5E5F3868}"
EndProject
Project("{FAE04EC0-301F-11D3-BF4B-00C04F79EFBC}") = "SingletonPattern", "SingletonPattern\SingletonPattern.csproj", "{FABC0CC8-7E79-3D9B-8D56-17C4207BB104}"
EndProject
Project("{2150E333-8FDC-42A3-9474-1A3956D46DE8}") = "Chapter6", "Chapter6", "{30ACEEF5-761C-4104-A36D-86F3AA7663F3}"
EndProject
Project("{FAE04EC0-301F-11D3-BF4B-00C04F79EFBC}") = "DemoDelegate1", "DemoDelegate1\DemoDelegate1.csproj", "{996A3D5C-DDCC-4DFC-9B72-F1C2DC262382}"
EndProject
Project("{FAE04EC0-301F-11D3-BF4B-00C04F79EFBC}") = "DemoLinqToObject", "DemoLinqToObject\DemoLinqToObject.csproj", "{FB83CA4A-3F8A-4FA9-BED0-865121C71FF1}"
EndProject
Project("{FAE04EC0-301F-11D3-BF4B-00C04F79EFBC}") = "DemoLinqToObject2", "DemoLinqToObject2\DemoLinqToObject2.csproj", "{AF44CB5E-C81E-4928-9461-F73108D5F020}"
EndProject
Project("{FAE04EC0-301F-11D3-BF4B-00C04F79EFBC}") = "DemoMyStoreLINQ2SQL", "DemoMyStoreLINQ2SQL\DemoMyStoreLINQ2SQL.csproj", "{F804D0BF-9227-4A0D-9102-B3D441B1821F}"
EndProject
Project("{FAE04EC0-301F-11D3-BF4B-00C04F79EFBC}") = "LucyDemoLINQ2SQL", "LucyDemoLINQ2SQL\LucyDemoLINQ2SQL.csproj", "{37752BC4-E2F5-421B-B115-F6DE0180C312}"
EndProject
Project("{2150E333-8FDC-42A3-9474-1A3956D46DE8}") = "Chapter7", "Chapter7", "{1392F02C-C739-46AB-AF3E-E153C574CC63}"
EndProject
Project("{FAE04EC0-301F-11D3-BF4B-00C04F79EFBC}") = "WpfApp", "UserManagementWpfApp\WpfApp.csproj", "{0032377A-CFAF-4011-8587-5385F4361562}"
EndProject
Project("{FAE04EC0-301F-11D3-BF4B-00C04F79EFBC}") = "BusinessObjects", "BusinessObjects\BusinessObjects.csproj", "{B739F7C6-3E80-41E3-8067-7811A62D71E8}"
EndProject
Project("{FAE04EC0-301F-11D3-BF4B-00C04F79EFBC}") = "DataAccessLayer", "DataAccessLayer\DataAccessLayer.csproj", "{3E3735D5-C1C9-4CBF-87F0-10ABAF7D2FAD}"
EndProject
Project("{FAE04EC0-301F-11D3-BF4B-00C04F79EFBC}") = "Repositories", "Repositories\Repositories.csproj", "{9289C364-9E08-46B0-B035-ECD99017919B}"
EndProject
Project("{FAE04EC0-301F-11D3-BF4B-00C04F79EFBC}") = "Services", "Services\Services.csproj", "{E2985C4B-31E1-44DB-8D5F-4BFB7AC86092}"
EndProject
Project("{2150E333-8FDC-42A3-9474-1A3956D46DE8}") = "Chapter7_TreeView", "Chapter7_TreeView", "{139B4214-842B-4256-A143-94F0F7DA894D}"
EndProject
Project("{FAE04EC0-301F-11D3-BF4B-00C04F79EFBC}") = "TreeViewWpfApp", "TreeViewWpfApp\TreeViewWpfApp.csproj", "{A5A6D764-09FB-44AC-8739-9BC06CF9FE7C}"
EndProject
Project("{2150E333-8FDC-42A3-9474-1A3956D46DE8}") = "Chapter8_sample", "Chapter8_sample", "{A081C219-017C-4948-8753-8722E4AB879C}"
EndProject
Project("{FAE04EC0-301F-11D3-BF4B-00C04F79EFBC}") = "DemoDatabaseFirst", "DemoDatabaseFirst\DemoDatabaseFirst.csproj", "{D465D524-39FB-4938-9A46-32FEA49A2DD8}"
EndProject
Project("{2150E333-8FDC-42A3-9474-1A3956D46DE8}") = "Chapter8_sample_multi_tier", "Chapter8_sample_multi_tier", "{37EF4ACA-ECF2-4E26-B98B-08910E6C6600}"
EndProject
Project("{FAE04EC0-301F-11D3-BF4B-00C04F79EFBC}") = "BusinessObjects_EF", "BusinessObjects_EF\BusinessObjects_EF.csproj", "{B2BF6CFC-51CD-4626-B24F-B6DA7DABF3A1}"
EndProject
Project("{FAE04EC0-301F-11D3-BF4B-00C04F79EFBC}") = "DataAccessLayer_EF", "DataAccessLayer_EF\DataAccessLayer_EF.csproj", "{C14E9FA0-4A86-46FA-8941-2A86E9616A05}"
EndProject
Project("{FAE04EC0-301F-11D3-BF4B-00C04F79EFBC}") = "Repositories_EF", "Repositories_EF\Repositories_EF.csproj", "{BAB7048A-E974-475D-9797-1C0EB638CEA1}"
EndProject
Project("{FAE04EC0-301F-11D3-BF4B-00C04F79EFBC}") = "Services_EF", "Services_EF\Services_EF.csproj", "{05409637-78B9-42C9-9502-A8C89F4022FF}"
EndProject
Project("{FAE04EC0-301F-11D3-BF4B-00C04F79EFBC}") = "WpfApp_EF", "WpfApp_EF\WpfApp_EF.csproj", "{08320621-E401-45F7-AF2C-79F28C2681C9}"
EndProject
Project("{2150E333-8FDC-42A3-9474-1A3956D46DE8}") = "Chapter8", "Chapter8", "{8B2ABAC2-E4C9-4AAB-8FA3-A124307259C6}"
EndProject
Project("{FAE04EC0-301F-11D3-BF4B-00C04F79EFBC}") = "MyStoreWpfApp_EntityFrameWork", "MyStoreWpfApp_EntityFrameWork\MyStoreWpfApp_EntityFrameWork.csproj", "{0C3399D0-47FE-47FF-A3D6-9FF4CD70CA2E}"
EndProject
Global
	GlobalSection(SolutionConfigurationPlatforms) = preSolution
		Debug|Any CPU = Debug|Any CPU
		Release|Any CPU = Release|Any CPU
	EndGlobalSection
	GlobalSection(ProjectConfigurationPlatforms) = postSolution
		{1FA0CE5D-6304-42DF-94A4-8F77FA494400}.Debug|Any CPU.ActiveCfg = Debug|Any CPU
		{1FA0CE5D-6304-42DF-94A4-8F77FA494400}.Debug|Any CPU.Build.0 = Debug|Any CPU
		{1FA0CE5D-6304-42DF-94A4-8F77FA494400}.Release|Any CPU.ActiveCfg = Release|Any CPU
		{1FA0CE5D-6304-42DF-94A4-8F77FA494400}.Release|Any CPU.Build.0 = Release|Any CPU
		{0606B579-9C69-49AD-A70E-7EFC2F693E0B}.Debug|Any CPU.ActiveCfg = Debug|Any CPU
		{0606B579-9C69-49AD-A70E-7EFC2F693E0B}.Debug|Any CPU.Build.0 = Debug|Any CPU
		{0606B579-9C69-49AD-A70E-7EFC2F693E0B}.Release|Any CPU.ActiveCfg = Release|Any CPU
		{0606B579-9C69-49AD-A70E-7EFC2F693E0B}.Release|Any CPU.Build.0 = Release|Any CPU
		{D3822EEF-8B78-4218-83F9-F109F4D57FF9}.Debug|Any CPU.ActiveCfg = Debug|Any CPU
		{D3822EEF-8B78-4218-83F9-F109F4D57FF9}.Debug|Any CPU.Build.0 = Debug|Any CPU
		{D3822EEF-8B78-4218-83F9-F109F4D57FF9}.Release|Any CPU.ActiveCfg = Release|Any CPU
		{D3822EEF-8B78-4218-83F9-F109F4D57FF9}.Release|Any CPU.Build.0 = Release|Any CPU
		{DA341B60-3210-4E9B-A159-C98C55F93643}.Debug|Any CPU.ActiveCfg = Debug|Any CPU
		{DA341B60-3210-4E9B-A159-C98C55F93643}.Debug|Any CPU.Build.0 = Debug|Any CPU
		{DA341B60-3210-4E9B-A159-C98C55F93643}.Release|Any CPU.ActiveCfg = Release|Any CPU
		{DA341B60-3210-4E9B-A159-C98C55F93643}.Release|Any CPU.Build.0 = Release|Any CPU
		{07521354-09BB-4063-B679-A62F064D5E99}.Debug|Any CPU.ActiveCfg = Debug|Any CPU
		{07521354-09BB-4063-B679-A62F064D5E99}.Debug|Any CPU.Build.0 = Debug|Any CPU
		{07521354-09BB-4063-B679-A62F064D5E99}.Release|Any CPU.ActiveCfg = Release|Any CPU
		{07521354-09BB-4063-B679-A62F064D5E99}.Release|Any CPU.Build.0 = Release|Any CPU
		{514A65D4-E0F1-4360-8992-D1D8D262E3C4}.Debug|Any CPU.ActiveCfg = Debug|Any CPU
		{514A65D4-E0F1-4360-8992-D1D8D262E3C4}.Debug|Any CPU.Build.0 = Debug|Any CPU
		{514A65D4-E0F1-4360-8992-D1D8D262E3C4}.Release|Any CPU.ActiveCfg = Release|Any CPU
		{514A65D4-E0F1-4360-8992-D1D8D262E3C4}.Release|Any CPU.Build.0 = Release|Any CPU
		{50E1B436-CF1B-49B2-8A01-117349A0253D}.Debug|Any CPU.ActiveCfg = Debug|Any CPU
		{50E1B436-CF1B-49B2-8A01-117349A0253D}.Debug|Any CPU.Build.0 = Debug|Any CPU
		{50E1B436-CF1B-49B2-8A01-117349A0253D}.Release|Any CPU.ActiveCfg = Release|Any CPU
		{50E1B436-CF1B-49B2-8A01-117349A0253D}.Release|Any CPU.Build.0 = Release|Any CPU
		{5EE88725-8F22-4522-8FA6-7D0E7BB38464}.Debug|Any CPU.ActiveCfg = Debug|Any CPU
		{5EE88725-8F22-4522-8FA6-7D0E7BB38464}.Debug|Any CPU.Build.0 = Debug|Any CPU
		{5EE88725-8F22-4522-8FA6-7D0E7BB38464}.Release|Any CPU.ActiveCfg = Release|Any CPU
		{5EE88725-8F22-4522-8FA6-7D0E7BB38464}.Release|Any CPU.Build.0 = Release|Any CPU
		{B33F4086-E777-4297-87D6-9B643489D23B}.Debug|Any CPU.ActiveCfg = Debug|Any CPU
		{B33F4086-E777-4297-87D6-9B643489D23B}.Debug|Any CPU.Build.0 = Debug|Any CPU
		{B33F4086-E777-4297-87D6-9B643489D23B}.Release|Any CPU.ActiveCfg = Release|Any CPU
		{B33F4086-E777-4297-87D6-9B643489D23B}.Release|Any CPU.Build.0 = Release|Any CPU
		{B4D80449-B31B-4334-B234-745B1FC5D79E}.Debug|Any CPU.ActiveCfg = Debug|Any CPU
		{B4D80449-B31B-4334-B234-745B1FC5D79E}.Debug|Any CPU.Build.0 = Debug|Any CPU
		{B4D80449-B31B-4334-B234-745B1FC5D79E}.Release|Any CPU.ActiveCfg = Release|Any CPU
		{B4D80449-B31B-4334-B234-745B1FC5D79E}.Release|Any CPU.Build.0 = Release|Any CPU
		{595AAE1C-DC00-4C37-82D3-E73B49EEFF6F}.Debug|Any CPU.ActiveCfg = Debug|Any CPU
		{595AAE1C-DC00-4C37-82D3-E73B49EEFF6F}.Debug|Any CPU.Build.0 = Debug|Any CPU
		{595AAE1C-DC00-4C37-82D3-E73B49EEFF6F}.Release|Any CPU.ActiveCfg = Release|Any CPU
		{595AAE1C-DC00-4C37-82D3-E73B49EEFF6F}.Release|Any CPU.Build.0 = Release|Any CPU
		{F4572D6C-910A-4D62-94A4-99E7EB68D5CD}.Debug|Any CPU.ActiveCfg = Debug|Any CPU
		{F4572D6C-910A-4D62-94A4-99E7EB68D5CD}.Debug|Any CPU.Build.0 = Debug|Any CPU
		{F4572D6C-910A-4D62-94A4-99E7EB68D5CD}.Release|Any CPU.ActiveCfg = Release|Any CPU
		{F4572D6C-910A-4D62-94A4-99E7EB68D5CD}.Release|Any CPU.Build.0 = Release|Any CPU
		{271BF3F6-B100-47BD-AE0A-094672106EF3}.Debug|Any CPU.ActiveCfg = Debug|Any CPU
		{271BF3F6-B100-47BD-AE0A-094672106EF3}.Debug|Any CPU.Build.0 = Debug|Any CPU
		{271BF3F6-B100-47BD-AE0A-094672106EF3}.Release|Any CPU.ActiveCfg = Release|Any CPU
		{271BF3F6-B100-47BD-AE0A-094672106EF3}.Release|Any CPU.Build.0 = Release|Any CPU
		{835FD37C-EC14-48B7-878D-D1EEEF26AF39}.Debug|Any CPU.ActiveCfg = Debug|Any CPU
		{835FD37C-EC14-48B7-878D-D1EEEF26AF39}.Debug|Any CPU.Build.0 = Debug|Any CPU
		{835FD37C-EC14-48B7-878D-D1EEEF26AF39}.Release|Any CPU.ActiveCfg = Release|Any CPU
		{835FD37C-EC14-48B7-878D-D1EEEF26AF39}.Release|Any CPU.Build.0 = Release|Any CPU
		{62583F16-6A19-4B3E-A443-9390186B8490}.Debug|Any CPU.ActiveCfg = Debug|Any CPU
		{62583F16-6A19-4B3E-A443-9390186B8490}.Debug|Any CPU.Build.0 = Debug|Any CPU
		{62583F16-6A19-4B3E-A443-9390186B8490}.Release|Any CPU.ActiveCfg = Release|Any CPU
		{62583F16-6A19-4B3E-A443-9390186B8490}.Release|Any CPU.Build.0 = Release|Any CPU
		{ACEDCC8F-C3F5-4461-AF32-8449D4BEDF6A}.Debug|Any CPU.ActiveCfg = Debug|Any CPU
		{ACEDCC8F-C3F5-4461-AF32-8449D4BEDF6A}.Debug|Any CPU.Build.0 = Debug|Any CPU
		{ACEDCC8F-C3F5-4461-AF32-8449D4BEDF6A}.Release|Any CPU.ActiveCfg = Release|Any CPU
		{ACEDCC8F-C3F5-4461-AF32-8449D4BEDF6A}.Release|Any CPU.Build.0 = Release|Any CPU
		{044DE341-433F-5702-4D82-2BB3FD3832E3}.Debug|Any CPU.ActiveCfg = Debug|Any CPU
		{044DE341-433F-5702-4D82-2BB3FD3832E3}.Debug|Any CPU.Build.0 = Debug|Any CPU
		{044DE341-433F-5702-4D82-2BB3FD3832E3}.Release|Any CPU.ActiveCfg = Release|Any CPU
		{044DE341-433F-5702-4D82-2BB3FD3832E3}.Release|Any CPU.Build.0 = Release|Any CPU
		{15ADFCBE-9B56-7B0A-7AE5-771D29B1F4C9}.Debug|Any CPU.ActiveCfg = Debug|Any CPU
		{15ADFCBE-9B56-7B0A-7AE5-771D29B1F4C9}.Debug|Any CPU.Build.0 = Debug|Any CPU
		{15ADFCBE-9B56-7B0A-7AE5-771D29B1F4C9}.Release|Any CPU.ActiveCfg = Release|Any CPU
		{15ADFCBE-9B56-7B0A-7AE5-771D29B1F4C9}.Release|Any CPU.Build.0 = Release|Any CPU
		{FEBF851F-917B-C45E-D2B8-7873FE9FDB40}.Debug|Any CPU.ActiveCfg = Debug|Any CPU
		{FEBF851F-917B-C45E-D2B8-7873FE9FDB40}.Debug|Any CPU.Build.0 = Debug|Any CPU
		{FEBF851F-917B-C45E-D2B8-7873FE9FDB40}.Release|Any CPU.ActiveCfg = Release|Any CPU
		{FEBF851F-917B-C45E-D2B8-7873FE9FDB40}.Release|Any CPU.Build.0 = Release|Any CPU
		{92C92FD4-253A-352A-CA1D-8ACA5E5F3868}.Debug|Any CPU.ActiveCfg = Debug|Any CPU
		{92C92FD4-253A-352A-CA1D-8ACA5E5F3868}.Debug|Any CPU.Build.0 = Debug|Any CPU
		{92C92FD4-253A-352A-CA1D-8ACA5E5F3868}.Release|Any CPU.ActiveCfg = Release|Any CPU
		{92C92FD4-253A-352A-CA1D-8ACA5E5F3868}.Release|Any CPU.Build.0 = Release|Any CPU
		{FABC0CC8-7E79-3D9B-8D56-17C4207BB104}.Debug|Any CPU.ActiveCfg = Debug|Any CPU
		{FABC0CC8-7E79-3D9B-8D56-17C4207BB104}.Debug|Any CPU.Build.0 = Debug|Any CPU
		{FABC0CC8-7E79-3D9B-8D56-17C4207BB104}.Release|Any CPU.ActiveCfg = Release|Any CPU
		{FABC0CC8-7E79-3D9B-8D56-17C4207BB104}.Release|Any CPU.Build.0 = Release|Any CPU
		{996A3D5C-DDCC-4DFC-9B72-F1C2DC262382}.Debug|Any CPU.ActiveCfg = Debug|Any CPU
		{996A3D5C-DDCC-4DFC-9B72-F1C2DC262382}.Debug|Any CPU.Build.0 = Debug|Any CPU
		{996A3D5C-DDCC-4DFC-9B72-F1C2DC262382}.Release|Any CPU.ActiveCfg = Release|Any CPU
		{996A3D5C-DDCC-4DFC-9B72-F1C2DC262382}.Release|Any CPU.Build.0 = Release|Any CPU
		{FB83CA4A-3F8A-4FA9-BED0-865121C71FF1}.Debug|Any CPU.ActiveCfg = Debug|Any CPU
		{FB83CA4A-3F8A-4FA9-BED0-865121C71FF1}.Debug|Any CPU.Build.0 = Debug|Any CPU
		{FB83CA4A-3F8A-4FA9-BED0-865121C71FF1}.Release|Any CPU.ActiveCfg = Release|Any CPU
		{FB83CA4A-3F8A-4FA9-BED0-865121C71FF1}.Release|Any CPU.Build.0 = Release|Any CPU
		{AF44CB5E-C81E-4928-9461-F73108D5F020}.Debug|Any CPU.ActiveCfg = Debug|Any CPU
		{AF44CB5E-C81E-4928-9461-F73108D5F020}.Debug|Any CPU.Build.0 = Debug|Any CPU
		{AF44CB5E-C81E-4928-9461-F73108D5F020}.Release|Any CPU.ActiveCfg = Release|Any CPU
		{AF44CB5E-C81E-4928-9461-F73108D5F020}.Release|Any CPU.Build.0 = Release|Any CPU
		{F804D0BF-9227-4A0D-9102-B3D441B1821F}.Debug|Any CPU.ActiveCfg = Debug|Any CPU
		{F804D0BF-9227-4A0D-9102-B3D441B1821F}.Debug|Any CPU.Build.0 = Debug|Any CPU
		{F804D0BF-9227-4A0D-9102-B3D441B1821F}.Release|Any CPU.ActiveCfg = Release|Any CPU
		{F804D0BF-9227-4A0D-9102-B3D441B1821F}.Release|Any CPU.Build.0 = Release|Any CPU
		{37752BC4-E2F5-421B-B115-F6DE0180C312}.Debug|Any CPU.ActiveCfg = Debug|Any CPU
		{37752BC4-E2F5-421B-B115-F6DE0180C312}.Debug|Any CPU.Build.0 = Debug|Any CPU
		{37752BC4-E2F5-421B-B115-F6DE0180C312}.Release|Any CPU.ActiveCfg = Release|Any CPU
		{37752BC4-E2F5-421B-B115-F6DE0180C312}.Release|Any CPU.Build.0 = Release|Any CPU
		{0032377A-CFAF-4011-8587-5385F4361562}.Debug|Any CPU.ActiveCfg = Debug|Any CPU
		{0032377A-CFAF-4011-8587-5385F4361562}.Debug|Any CPU.Build.0 = Debug|Any CPU
		{0032377A-CFAF-4011-8587-5385F4361562}.Release|Any CPU.ActiveCfg = Release|Any CPU
		{0032377A-CFAF-4011-8587-5385F4361562}.Release|Any CPU.Build.0 = Release|Any CPU
		{B739F7C6-3E80-41E3-8067-7811A62D71E8}.Debug|Any CPU.ActiveCfg = Debug|Any CPU
		{B739F7C6-3E80-41E3-8067-7811A62D71E8}.Debug|Any CPU.Build.0 = Debug|Any CPU
		{B739F7C6-3E80-41E3-8067-7811A62D71E8}.Release|Any CPU.ActiveCfg = Release|Any CPU
		{B739F7C6-3E80-41E3-8067-7811A62D71E8}.Release|Any CPU.Build.0 = Release|Any CPU
		{3E3735D5-C1C9-4CBF-87F0-10ABAF7D2FAD}.Debug|Any CPU.ActiveCfg = Debug|Any CPU
		{3E3735D5-C1C9-4CBF-87F0-10ABAF7D2FAD}.Debug|Any CPU.Build.0 = Debug|Any CPU
		{3E3735D5-C1C9-4CBF-87F0-10ABAF7D2FAD}.Release|Any CPU.ActiveCfg = Release|Any CPU
		{3E3735D5-C1C9-4CBF-87F0-10ABAF7D2FAD}.Release|Any CPU.Build.0 = Release|Any CPU
		{9289C364-9E08-46B0-B035-ECD99017919B}.Debug|Any CPU.ActiveCfg = Debug|Any CPU
		{9289C364-9E08-46B0-B035-ECD99017919B}.Debug|Any CPU.Build.0 = Debug|Any CPU
		{9289C364-9E08-46B0-B035-ECD99017919B}.Release|Any CPU.ActiveCfg = Release|Any CPU
		{9289C364-9E08-46B0-B035-ECD99017919B}.Release|Any CPU.Build.0 = Release|Any CPU
		{E2985C4B-31E1-44DB-8D5F-4BFB7AC86092}.Debug|Any CPU.ActiveCfg = Debug|Any CPU
		{E2985C4B-31E1-44DB-8D5F-4BFB7AC86092}.Debug|Any CPU.Build.0 = Debug|Any CPU
		{E2985C4B-31E1-44DB-8D5F-4BFB7AC86092}.Release|Any CPU.ActiveCfg = Release|Any CPU
		{E2985C4B-31E1-44DB-8D5F-4BFB7AC86092}.Release|Any CPU.Build.0 = Release|Any CPU
		{A5A6D764-09FB-44AC-8739-9BC06CF9FE7C}.Debug|Any CPU.ActiveCfg = Debug|Any CPU
		{A5A6D764-09FB-44AC-8739-9BC06CF9FE7C}.Debug|Any CPU.Build.0 = Debug|Any CPU
		{A5A6D764-09FB-44AC-8739-9BC06CF9FE7C}.Release|Any CPU.ActiveCfg = Release|Any CPU
		{A5A6D764-09FB-44AC-8739-9BC06CF9FE7C}.Release|Any CPU.Build.0 = Release|Any CPU
		{D465D524-39FB-4938-9A46-32FEA49A2DD8}.Debug|Any CPU.ActiveCfg = Debug|Any CPU
		{D465D524-39FB-4938-9A46-32FEA49A2DD8}.Debug|Any CPU.Build.0 = Debug|Any CPU
		{D465D524-39FB-4938-9A46-32FEA49A2DD8}.Release|Any CPU.ActiveCfg = Release|Any CPU
		{D465D524-39FB-4938-9A46-32FEA49A2DD8}.Release|Any CPU.Build.0 = Release|Any CPU
		{B2BF6CFC-51CD-4626-B24F-B6DA7DABF3A1}.Debug|Any CPU.ActiveCfg = Debug|Any CPU
		{B2BF6CFC-51CD-4626-B24F-B6DA7DABF3A1}.Debug|Any CPU.Build.0 = Debug|Any CPU
		{B2BF6CFC-51CD-4626-B24F-B6DA7DABF3A1}.Release|Any CPU.ActiveCfg = Release|Any CPU
		{B2BF6CFC-51CD-4626-B24F-B6DA7DABF3A1}.Release|Any CPU.Build.0 = Release|Any CPU
		{C14E9FA0-4A86-46FA-8941-2A86E9616A05}.Debug|Any CPU.ActiveCfg = Debug|Any CPU
		{C14E9FA0-4A86-46FA-8941-2A86E9616A05}.Debug|Any CPU.Build.0 = Debug|Any CPU
		{C14E9FA0-4A86-46FA-8941-2A86E9616A05}.Release|Any CPU.ActiveCfg = Release|Any CPU
		{C14E9FA0-4A86-46FA-8941-2A86E9616A05}.Release|Any CPU.Build.0 = Release|Any CPU
		{BAB7048A-E974-475D-9797-1C0EB638CEA1}.Debug|Any CPU.ActiveCfg = Debug|Any CPU
		{BAB7048A-E974-475D-9797-1C0EB638CEA1}.Debug|Any CPU.Build.0 = Debug|Any CPU
		{BAB7048A-E974-475D-9797-1C0EB638CEA1}.Release|Any CPU.ActiveCfg = Release|Any CPU
		{BAB7048A-E974-475D-9797-1C0EB638CEA1}.Release|Any CPU.Build.0 = Release|Any CPU
		{05409637-78B9-42C9-9502-A8C89F4022FF}.Debug|Any CPU.ActiveCfg = Debug|Any CPU
		{05409637-78B9-42C9-9502-A8C89F4022FF}.Debug|Any CPU.Build.0 = Debug|Any CPU
		{05409637-78B9-42C9-9502-A8C89F4022FF}.Release|Any CPU.ActiveCfg = Release|Any CPU
		{05409637-78B9-42C9-9502-A8C89F4022FF}.Release|Any CPU.Build.0 = Release|Any CPU
		{08320621-E401-45F7-AF2C-79F28C2681C9}.Debug|Any CPU.ActiveCfg = Debug|Any CPU
		{08320621-E401-45F7-AF2C-79F28C2681C9}.Debug|Any CPU.Build.0 = Debug|Any CPU
		{08320621-E401-45F7-AF2C-79F28C2681C9}.Release|Any CPU.ActiveCfg = Release|Any CPU
		{08320621-E401-45F7-AF2C-79F28C2681C9}.Release|Any CPU.Build.0 = Release|Any CPU
		{0C3399D0-47FE-47FF-A3D6-9FF4CD70CA2E}.Debug|Any CPU.ActiveCfg = Debug|Any CPU
		{0C3399D0-47FE-47FF-A3D6-9FF4CD70CA2E}.Debug|Any CPU.Build.0 = Debug|Any CPU
		{0C3399D0-47FE-47FF-A3D6-9FF4CD70CA2E}.Release|Any CPU.ActiveCfg = Release|Any CPU
		{0C3399D0-47FE-47FF-A3D6-9FF4CD70CA2E}.Release|Any CPU.Build.0 = Release|Any CPU
	EndGlobalSection
	GlobalSection(SolutionProperties) = preSolution
		HideSolutionNode = FALSE
	EndGlobalSection
	GlobalSection(NestedProjects) = preSolution
		{044DE341-433F-5702-4D82-2BB3FD3832E3} = {02EA681E-C7D8-13C7-8484-4AC65E1B71E8}
		{15ADFCBE-9B56-7B0A-7AE5-771D29B1F4C9} = {02EA681E-C7D8-13C7-8484-4AC65E1B71E8}
		{FEBF851F-917B-C45E-D2B8-7873FE9FDB40} = {02EA681E-C7D8-13C7-8484-4AC65E1B71E8}
		{92C92FD4-253A-352A-CA1D-8ACA5E5F3868} = {02EA681E-C7D8-13C7-8484-4AC65E1B71E8}
		{FABC0CC8-7E79-3D9B-8D56-17C4207BB104} = {02EA681E-C7D8-13C7-8484-4AC65E1B71E8}
		{996A3D5C-DDCC-4DFC-9B72-F1C2DC262382} = {30ACEEF5-761C-4104-A36D-86F3AA7663F3}
		{FB83CA4A-3F8A-4FA9-BED0-865121C71FF1} = {30ACEEF5-761C-4104-A36D-86F3AA7663F3}
		{AF44CB5E-C81E-4928-9461-F73108D5F020} = {30ACEEF5-761C-4104-A36D-86F3AA7663F3}
		{F804D0BF-9227-4A0D-9102-B3D441B1821F} = {30ACEEF5-761C-4104-A36D-86F3AA7663F3}
		{37752BC4-E2F5-421B-B115-F6DE0180C312} = {30ACEEF5-761C-4104-A36D-86F3AA7663F3}
		{0032377A-CFAF-4011-8587-5385F4361562} = {1392F02C-C739-46AB-AF3E-E153C574CC63}
		{B739F7C6-3E80-41E3-8067-7811A62D71E8} = {1392F02C-C739-46AB-AF3E-E153C574CC63}
		{3E3735D5-C1C9-4CBF-87F0-10ABAF7D2FAD} = {1392F02C-C739-46AB-AF3E-E153C574CC63}
		{9289C364-9E08-46B0-B035-ECD99017919B} = {1392F02C-C739-46AB-AF3E-E153C574CC63}
		{E2985C4B-31E1-44DB-8D5F-4BFB7AC86092} = {1392F02C-C739-46AB-AF3E-E153C574CC63}
		{A5A6D764-09FB-44AC-8739-9BC06CF9FE7C} = {139B4214-842B-4256-A143-94F0F7DA894D}
		{D465D524-39FB-4938-9A46-32FEA49A2DD8} = {A081C219-017C-4948-8753-8722E4AB879C}
		{B2BF6CFC-51CD-4626-B24F-B6DA7DABF3A1} = {37EF4ACA-ECF2-4E26-B98B-08910E6C6600}
		{C14E9FA0-4A86-46FA-8941-2A86E9616A05} = {37EF4ACA-ECF2-4E26-B98B-08910E6C6600}
		{BAB7048A-E974-475D-9797-1C0EB638CEA1} = {37EF4ACA-ECF2-4E26-B98B-08910E6C6600}
		{05409637-78B9-42C9-9502-A8C89F4022FF} = {37EF4ACA-ECF2-4E26-B98B-08910E6C6600}
		{08320621-E401-45F7-AF2C-79F28C2681C9} = {37EF4ACA-ECF2-4E26-B98B-08910E6C6600}
		{0C3399D0-47FE-47FF-A3D6-9FF4CD70CA2E} = {8B2ABAC2-E4C9-4AAB-8FA3-A124307259C6}
	EndGlobalSection
	GlobalSection(ExtensibilityGlobals) = postSolution
		SolutionGuid = {F49B4B69-F12F-4F3A-B141-782DCD133C8E}
	EndGlobalSection
EndGlobal
